
Microsoft Visual Studio Solution File, Format Version 11.00
# Visual Studio 2010
Project("{FAE04EC0-301F-11D3-BF4B-00C04F79EFBC}") = "SmallBasicLive", "SmallBasicLive\SmallBasicLive.csproj", "{CA57303D-FF1A-4099-A31D-C6945553C85F}"
EndProject
Project("{FAE04EC0-301F-11D3-BF4B-00C04F79EFBC}") = "Tests", "Tests\Tests.csproj", "{437EF0CA-0F5E-41DB-B489-8A503505B2DB}"
EndProject
Global
	GlobalSection(SolutionConfigurationPlatforms) = preSolution
		Debug|Any CPU = Debug|Any CPU
		Release|Any CPU = Release|Any CPU
	EndGlobalSection
	GlobalSection(ProjectConfigurationPlatforms) = postSolution
		{CA57303D-FF1A-4099-A31D-C6945553C85F}.Debug|Any CPU.ActiveCfg = Debug|Any CPU
		{CA57303D-FF1A-4099-A31D-C6945553C85F}.Debug|Any CPU.Build.0 = Debug|Any CPU
		{CA57303D-FF1A-4099-A31D-C6945553C85F}.Release|Any CPU.ActiveCfg = Release|Any CPU
		{CA57303D-FF1A-4099-A31D-C6945553C85F}.Release|Any CPU.Build.0 = Release|Any CPU
		{437EF0CA-0F5E-41DB-B489-8A503505B2DB}.Debug|Any CPU.ActiveCfg = Debug|Any CPU
		{437EF0CA-0F5E-41DB-B489-8A503505B2DB}.Debug|Any CPU.Build.0 = Debug|Any CPU
		{437EF0CA-0F5E-41DB-B489-8A503505B2DB}.Release|Any CPU.ActiveCfg = Release|Any CPU
		{437EF0CA-0F5E-41DB-B489-8A503505B2DB}.Release|Any CPU.Build.0 = Release|Any CPU
	EndGlobalSection
	GlobalSection(SolutionProperties) = preSolution
		HideSolutionNode = FALSE
	EndGlobalSection
EndGlobal
